lockfileVersion: '9.0'

settings:
  autoInstallPeers: true
  excludeLinksFromLockfile: false

importers:

  .:
    devDependencies:
      daisyui:
        specifier: ^5.1.5
        version: 5.1.5

packages:

  daisyui@5.1.5:
    resolution: {integrity: sha512-QgD/vtjjDX+HvacQ8okfPVCSQ2p4jjCKoer81FvphPx40gzSLxvCJP2TQDB04p/9cN9PzXPP53cS5c8cXyNUhA==}

snapshots:

  daisyui@5.1.5: {}
